
Microsoft Visual Studio Solution File, Format Version 12.00
# Visual Studio Version 16
VisualStudioVersion = 16.0.31424.327
MinimumVisualStudioVersion = 10.0.40219.1
Project("{9A19103F-16F7-4668-BE54-9A1E7A4F7556}") = "KAIS.HR-DYNAMIC.HR-STRIVE.API", "KAIS.HR-DYNAMIC.HR-STRIVE.API\KAIS.HR-DYNAMIC.HR-STRIVE.API.csproj", "{EFB57394-3FFE-4E48-9ED5-C9B691CAE06B}"
EndProject
Project("{9A19103F-16F7-4668-BE54-9A1E7A4F7556}") = "KAIS.HR-DYNAMIC.HR-STRIVE.COMMON", "KAIS.HR-DYNAMIC.HR-STRIVE.COMMON\KAIS.HR-DYNAMIC.HR-STRIVE.COMMON.csproj", "{DAE08B36-E683-450F-8DF5-141652AD8191}"
EndProject
Project("{9A19103F-16F7-4668-BE54-9A1E7A4F7556}") = "KAIS.HR-DYNAMIC.HR-STRIVE.INFRASTRUCTURE", "KAIS.HR-DYNAMIC.HR-STRIVE.REPOSITORY\KAIS.HR-DYNAMIC.HR-STRIVE.INFRASTRUCTURE.csproj", "{B322CD32-ACE8-449E-8C4A-2A9906998B51}"
EndProject
Global
	GlobalSection(SolutionConfigurationPlatforms) = preSolution
		Debug|Any CPU = Debug|Any CPU
		Release|Any CPU = Release|Any CPU
	EndGlobalSection
	GlobalSection(ProjectConfigurationPlatforms) = postSolution
		{EFB57394-3FFE-4E48-9ED5-C9B691CAE06B}.Debug|Any CPU.ActiveCfg = Debug|Any CPU
		{EFB57394-3FFE-4E48-9ED5-C9B691CAE06B}.Debug|Any CPU.Build.0 = Debug|Any CPU
		{EFB57394-3FFE-4E48-9ED5-C9B691CAE06B}.Release|Any CPU.ActiveCfg = Release|Any CPU
		{EFB57394-3FFE-4E48-9ED5-C9B691CAE06B}.Release|Any CPU.Build.0 = Release|Any CPU
		{DAE08B36-E683-450F-8DF5-141652AD8191}.Debug|Any CPU.ActiveCfg = Debug|Any CPU
		{DAE08B36-E683-450F-8DF5-141652AD8191}.Debug|Any CPU.Build.0 = Debug|Any CPU
		{DAE08B36-E683-450F-8DF5-141652AD8191}.Release|Any CPU.ActiveCfg = Release|Any CPU
		{DAE08B36-E683-450F-8DF5-141652AD8191}.Release|Any CPU.Build.0 = Release|Any CPU
		{B322CD32-ACE8-449E-8C4A-2A9906998B51}.Debug|Any CPU.ActiveCfg = Debug|Any CPU
		{B322CD32-ACE8-449E-8C4A-2A9906998B51}.Debug|Any CPU.Build.0 = Debug|Any CPU
		{B322CD32-ACE8-449E-8C4A-2A9906998B51}.Release|Any CPU.ActiveCfg = Release|Any CPU
		{B322CD32-ACE8-449E-8C4A-2A9906998B51}.Release|Any CPU.Build.0 = Release|Any CPU
	EndGlobalSection
	GlobalSection(SolutionProperties) = preSolution
		HideSolutionNode = FALSE
	EndGlobalSection
	GlobalSection(ExtensibilityGlobals) = postSolution
		SolutionGuid = {555068A8-9BC1-4062-804F-DACFDD5CE99F}
	EndGlobalSection
EndGlobal
